
Microsoft Visual Studio Solution File, Format Version 12.00
# Visual Studio 2013
VisualStudioVersion = 12.0.21005.1
MinimumVisualStudioVersion = 10.0.40219.1
Project("{FAE04EC0-301F-11D3-BF4B-00C04F79EFBC}") = "FiktFinance", "FiktFinance\FiktFinance.csproj", "{9E68A22B-9261-4A20-93B8-59E2E9D6B083}"
EndProject
Project("{FAE04EC0-301F-11D3-BF4B-00C04F79EFBC}") = "FiktFinanceApi", "FiktFinanceApi\FiktFinanceApi.csproj", "{BE396DB5-A81C-4125-877D-1A0205EABB3B}"
EndProject
Global
	GlobalSection(SolutionConfigurationPlatforms) = preSolution
		Debug|Any CPU = Debug|Any CPU
		Release|Any CPU = Release|Any CPU
	EndGlobalSection
	GlobalSection(ProjectConfigurationPlatforms) = postSolution
		{9E68A22B-9261-4A20-93B8-59E2E9D6B083}.Debug|Any CPU.ActiveCfg = Debug|Any CPU
		{9E68A22B-9261-4A20-93B8-59E2E9D6B083}.Debug|Any CPU.Build.0 = Debug|Any CPU
		{9E68A22B-9261-4A20-93B8-59E2E9D6B083}.Release|Any CPU.ActiveCfg = Release|Any CPU
		{9E68A22B-9261-4A20-93B8-59E2E9D6B083}.Release|Any CPU.Build.0 = Release|Any CPU
		{BE396DB5-A81C-4125-877D-1A0205EABB3B}.Debug|Any CPU.ActiveCfg = Debug|Any CPU
		{BE396DB5-A81C-4125-877D-1A0205EABB3B}.Debug|Any CPU.Build.0 = Debug|Any CPU
		{BE396DB5-A81C-4125-877D-1A0205EABB3B}.Release|Any CPU.ActiveCfg = Release|Any CPU
		{BE396DB5-A81C-4125-877D-1A0205EABB3B}.Release|Any CPU.Build.0 = Release|Any CPU
	EndGlobalSection
	GlobalSection(SolutionProperties) = preSolution
		HideSolutionNode = FALSE
	EndGlobalSection
EndGlobal
